// !$*UTF8*$!
{
	archiveVersion = 1;
	classes = {
	};
	objectVersion = 46;
	objects = {

/* Begin PBXBuildFile section */
		27214A0B1714F32900C05E0E /* am_map.cpp in Sources */ = {isa = PBXBuildFile; fileRef = 272149761714F32900C05E0E /* am_map.cpp */; };
		27214A0C1714F32900C05E0E /* am_map.h in Headers */ = {isa = PBXBuildFile; fileRef = 272149771714F32900C05E0E /* am_map.h */; };
		27214A0D1714F32900C05E0E /* constructs.h in Headers */ = {isa = PBXBuildFile; fileRef = 272149781714F32900C05E0E /* constructs.h */; };
		27214A0E1714F32900C05E0E /* d_englsh.h in Headers */ = {isa = PBXBuildFile; fileRef = 272149791714F32900C05E0E /* d_englsh.h */; };
		27214A0F1714F32900C05E0E /* d_event.h in Headers */ = {isa = PBXBuildFile; fileRef = 2721497A1714F32900C05E0E /* d_event.h */; };
		27214A101714F32900C05E0E /* d_french.h in Headers */ = {isa = PBXBuildFile; fileRef = 2721497B1714F32900C05E0E /* d_french.h */; };
		27214A111714F32900C05E0E /* d_items.cpp in Sources */ = {isa = PBXBuildFile; fileRef = 2721497C1714F32900C05E0E /* d_items.cpp */; };
		27214A121714F32900C05E0E /* d_items.h in Headers */ = {isa = PBXBuildFile; fileRef = 2721497D1714F32900C05E0E /* d_items.h */; };
		27214A131714F32900C05E0E /* d_main.cpp in Sources */ = {isa = PBXBuildFile; fileRef = 2721497E1714F32900C05E0E /* d_main.cpp */; };
		27214A141714F32900C05E0E /* d_main.h in Headers */ = {isa = PBXBuildFile; fileRef = 2721497F1714F32900C05E0E /* d_main.h */; };
		27214A151714F32900C05E0E /* d_net.cpp in Sources */ = {isa = PBXBuildFile; fileRef = 272149801714F32900C05E0E /* d_net.cpp */; };
		27214A161714F32900C05E0E /* d_net.h in Headers */ = {isa = PBXBuildFile; fileRef = 272149811714F32900C05E0E /* d_net.h */; };
		27214A171714F32900C05E0E /* d_player.h in Headers */ = {isa = PBXBuildFile; fileRef = 272149821714F32900C05E0E /* d_player.h */; };
		27214A181714F32900C05E0E /* d_textur.h in Headers */ = {isa = PBXBuildFile; fileRef = 272149831714F32900C05E0E /* d_textur.h */; };
		27214A191714F32900C05E0E /* d_think.h in Headers */ = {isa = PBXBuildFile; fileRef = 272149841714F32900C05E0E /* d_think.h */; };
		27214A1A1714F32900C05E0E /* d_ticcmd.h in Headers */ = {isa = PBXBuildFile; fileRef = 272149851714F32900C05E0E /* d_ticcmd.h */; };
		27214A1B1714F32900C05E0E /* defs.h in Headers */ = {isa = PBXBuildFile; fileRef = 272149861714F32900C05E0E /* defs.h */; };
		27214A1C1714F32900C05E0E /* doomdata.h in Headers */ = {isa = PBXBuildFile; fileRef = 272149871714F32900C05E0E /* doomdata.h */; };
		27214A1D1714F32900C05E0E /* doomdef.cpp in Sources */ = {isa = PBXBuildFile; fileRef = 272149881714F32900C05E0E /* doomdef.cpp */; };
		27214A1E1714F32900C05E0E /* doomdef.h in Headers */ = {isa = PBXBuildFile; fileRef = 272149891714F32900C05E0E /* doomdef.h */; };
		27214A1F1714F32900C05E0E /* doominterface.cpp in Sources */ = {isa = PBXBuildFile; fileRef = 2721498A1714F32900C05E0E /* doominterface.cpp */; };
		27214A201714F32900C05E0E /* doominterface.h in Headers */ = {isa = PBXBuildFile; fileRef = 2721498B1714F32900C05E0E /* doominterface.h */; };
		27214A221714F32900C05E0E /* DoomLeaderboards.h in Headers */ = {isa = PBXBuildFile; fileRef = 2721498D1714F32900C05E0E /* DoomLeaderboards.h */; };
		27214A231714F32900C05E0E /* doomlib.cpp in Sources */ = {isa = PBXBuildFile; fileRef = 2721498E1714F32900C05E0E /* doomlib.cpp */; };
		27214A241714F32900C05E0E /* doomlib.h in Headers */ = {isa = PBXBuildFile; fileRef = 2721498F1714F32900C05E0E /* doomlib.h */; };
		27214A251714F32900C05E0E /* doomstat.cpp in Sources */ = {isa = PBXBuildFile; fileRef = 272149901714F32900C05E0E /* doomstat.cpp */; };
		27214A261714F32900C05E0E /* doomstat.h in Headers */ = {isa = PBXBuildFile; fileRef = 272149911714F32900C05E0E /* doomstat.h */; };
		27214A271714F32900C05E0E /* doomtype.h in Headers */ = {isa = PBXBuildFile; fileRef = 272149921714F32900C05E0E /* doomtype.h */; };
		27214A281714F32900C05E0E /* dstrings.cpp in Sources */ = {isa = PBXBuildFile; fileRef = 272149931714F32900C05E0E /* dstrings.cpp */; };
		27214A291714F32900C05E0E /* dstrings.h in Headers */ = {isa = PBXBuildFile; fileRef = 272149941714F32900C05E0E /* dstrings.h */; };
		27214A2A1714F32900C05E0E /* f_finale.cpp in Sources */ = {isa = PBXBuildFile; fileRef = 272149951714F32900C05E0E /* f_finale.cpp */; };
		27214A2B1714F32900C05E0E /* f_finale.h in Headers */ = {isa = PBXBuildFile; fileRef = 272149961714F32900C05E0E /* f_finale.h */; };
		27214A2C1714F32900C05E0E /* f_wipe.cpp in Sources */ = {isa = PBXBuildFile; fileRef = 272149971714F32900C05E0E /* f_wipe.cpp */; };
		27214A2D1714F32900C05E0E /* f_wipe.h in Headers */ = {isa = PBXBuildFile; fileRef = 272149981714F32900C05E0E /* f_wipe.h */; };
		27214A2E1714F32900C05E0E /* g_game.cpp in Sources */ = {isa = PBXBuildFile; fileRef = 272149991714F32900C05E0E /* g_game.cpp */; };
		27214A2F1714F32900C05E0E /* g_game.h in Headers */ = {isa = PBXBuildFile; fileRef = 2721499A1714F32900C05E0E /* g_game.h */; };
		27214A301714F32900C05E0E /* globaldata.cpp in Sources */ = {isa = PBXBuildFile; fileRef = 2721499B1714F32900C05E0E /* globaldata.cpp */; };
		27214A311714F32900C05E0E /* globaldata.h in Headers */ = {isa = PBXBuildFile; fileRef = 2721499C1714F32900C05E0E /* globaldata.h */; };
		27214A321714F32900C05E0E /* hu_lib.cpp in Sources */ = {isa = PBXBuildFile; fileRef = 2721499D1714F32900C05E0E /* hu_lib.cpp */; };
		27214A331714F32900C05E0E /* hu_lib.h in Headers */ = {isa = PBXBuildFile; fileRef = 2721499E1714F32900C05E0E /* hu_lib.h */; };
		27214A341714F32900C05E0E /* hu_stuff.cpp in Sources */ = {isa = PBXBuildFile; fileRef = 2721499F1714F32900C05E0E /* hu_stuff.cpp */; };
		27214A351714F32900C05E0E /* hu_stuff.h in Headers */ = {isa = PBXBuildFile; fileRef = 272149A01714F32900C05E0E /* hu_stuff.h */; };
		27214A361714F32900C05E0E /* i_input.cpp in Sources */ = {isa = PBXBuildFile; fileRef = 272149A11714F32900C05E0E /* i_input.cpp */; };
		27214A371714F32900C05E0E /* i_main.cpp in Sources */ = {isa = PBXBuildFile; fileRef = 272149A21714F32900C05E0E /* i_main.cpp */; };
		27214A3B1714F32900C05E0E /* i_net.cpp in Sources */ = {isa = PBXBuildFile; fileRef = 272149A61714F32900C05E0E /* i_net.cpp */; };
		27214A3C1714F32900C05E0E /* i_net.h in Headers */ = {isa = PBXBuildFile; fileRef = 272149A71714F32900C05E0E /* i_net.h */; };
		27214A3E1714F32900C05E0E /* i_sound.h in Headers */ = {isa = PBXBuildFile; fileRef = 272149A91714F32900C05E0E /* i_sound.h */; };
		27214A3F1714F32900C05E0E /* i_system.cpp in Sources */ = {isa = PBXBuildFile; fileRef = 272149AA1714F32900C05E0E /* i_system.cpp */; };
		27214A401714F32900C05E0E /* i_system.h in Headers */ = {isa = PBXBuildFile; fileRef = 272149AB1714F32900C05E0E /* i_system.h */; };
		27214A411714F32900C05E0E /* i_video_ps3.cpp in Sources */ = {isa = PBXBuildFile; fileRef = 272149AC1714F32900C05E0E /* i_video_ps3.cpp */; };
		27214A431714F32900C05E0E /* i_video.h in Headers */ = {isa = PBXBuildFile; fileRef = 272149AE1714F32900C05E0E /* i_video.h */; };
		27214A441714F32900C05E0E /* info.cpp in Sources */ = {isa = PBXBuildFile; fileRef = 272149AF1714F32900C05E0E /* info.cpp */; };
		27214A451714F32900C05E0E /* info.h in Headers */ = {isa = PBXBuildFile; fileRef = 272149B01714F32900C05E0E /* info.h */; };
		27214A461714F32900C05E0E /* m_argv.cpp in Sources */ = {isa = PBXBuildFile; fileRef = 272149B11714F32900C05E0E /* m_argv.cpp */; };
		27214A471714F32900C05E0E /* m_argv.h in Headers */ = {isa = PBXBuildFile; fileRef = 272149B21714F32900C05E0E /* m_argv.h */; };
		27214A481714F32900C05E0E /* m_bbox.cpp in Sources */ = {isa = PBXBuildFile; fileRef = 272149B31714F32900C05E0E /* m_bbox.cpp */; };
		27214A491714F32900C05E0E /* m_bbox.h in Headers */ = {isa = PBXBuildFile; fileRef = 272149B41714F32900C05E0E /* m_bbox.h */; };
		27214A4A1714F32900C05E0E /* m_cheat.cpp in Sources */ = {isa = PBXBuildFile; fileRef = 272149B51714F32900C05E0E /* m_cheat.cpp */; };
		27214A4B1714F32900C05E0E /* m_cheat.h in Headers */ = {isa = PBXBuildFile; fileRef = 272149B61714F32900C05E0E /* m_cheat.h */; };
		27214A4C1714F32900C05E0E /* m_fixed.cpp in Sources */ = {isa = PBXBuildFile; fileRef = 272149B71714F32900C05E0E /* m_fixed.cpp */; };
		27214A4D1714F32900C05E0E /* m_fixed.h in Headers */ = {isa = PBXBuildFile; fileRef = 272149B81714F32900C05E0E /* m_fixed.h */; };
		27214A4E1714F32900C05E0E /* m_menu.cpp in Sources */ = {isa = PBXBuildFile; fileRef = 272149B91714F32900C05E0E /* m_menu.cpp */; };
		27214A4F1714F32900C05E0E /* m_menu.h in Headers */ = {isa = PBXBuildFile; fileRef = 272149BA1714F32900C05E0E /* m_menu.h */; };
		27214A501714F32900C05E0E /* m_misc.cpp in Sources */ = {isa = PBXBuildFile; fileRef = 272149BB1714F32900C05E0E /* m_misc.cpp */; };
		27214A511714F32900C05E0E /* m_misc.h in Headers */ = {isa = PBXBuildFile; fileRef = 272149BC1714F32900C05E0E /* m_misc.h */; };
		27214A521714F32900C05E0E /* m_random.cpp in Sources */ = {isa = PBXBuildFile; fileRef = 272149BD1714F32900C05E0E /* m_random.cpp */; };
		27214A531714F32900C05E0E /* m_random.h in Headers */ = {isa = PBXBuildFile; fileRef = 272149BE1714F32900C05E0E /* m_random.h */; };
		27214A541714F32900C05E0E /* m_swap.cpp in Sources */ = {isa = PBXBuildFile; fileRef = 272149BF1714F32900C05E0E /* m_swap.cpp */; };
		27214A551714F32900C05E0E /* m_swap.h in Headers */ = {isa = PBXBuildFile; fileRef = 272149C01714F32900C05E0E /* m_swap.h */; };
		27214A561714F32900C05E0E /* Main.h in Headers */ = {isa = PBXBuildFile; fileRef = 272149C11714F32900C05E0E /* Main.h */; };
		27214A571714F32900C05E0E /* mus2midi.cpp in Sources */ = {isa = PBXBuildFile; fileRef = 272149C21714F32900C05E0E /* mus2midi.cpp */; };
		27214A591714F32900C05E0E /* p_ceilng.cpp in Sources */ = {isa = PBXBuildFile; fileRef = 272149C41714F32900C05E0E /* p_ceilng.cpp */; };
		27214A5A1714F32900C05E0E /* p_doors.cpp in Sources */ = {isa = PBXBuildFile; fileRef = 272149C51714F32900C05E0E /* p_doors.cpp */; };
		27214A5B1714F32900C05E0E /* p_enemy.cpp in Sources */ = {isa = PBXBuildFile; fileRef = 272149C61714F32900C05E0E /* p_enemy.cpp */; };
		27214A5C1714F32900C05E0E /* p_floor.cpp in Sources */ = {isa = PBXBuildFile; fileRef = 272149C71714F32900C05E0E /* p_floor.cpp */; };
		27214A5D1714F32900C05E0E /* p_inter.cpp in Sources */ = {isa = PBXBuildFile; fileRef = 272149C81714F32900C05E0E /* p_inter.cpp */; };
		27214A5E1714F32900C05E0E /* p_inter.h in Headers */ = {isa = PBXBuildFile; fileRef = 272149C91714F32900C05E0E /* p_inter.h */; };
		27214A5F1714F32900C05E0E /* p_lights.cpp in Sources */ = {isa = PBXBuildFile; fileRef = 272149CA1714F32900C05E0E /* p_lights.cpp */; };
		27214A601714F32900C05E0E /* p_local.h in Headers */ = {isa = PBXBuildFile; fileRef = 272149CB1714F32900C05E0E /* p_local.h */; };
		27214A611714F32900C05E0E /* p_map.cpp in Sources */ = {isa = PBXBuildFile; fileRef = 272149CC1714F32900C05E0E /* p_map.cpp */; };
		27214A621714F32900C05E0E /* p_maputl.cpp in Sources */ = {isa = PBXBuildFile; fileRef = 272149CD1714F32900C05E0E /* p_maputl.cpp */; };
		27214A631714F32900C05E0E /* p_mobj.cpp in Sources */ = {isa = PBXBuildFile; fileRef = 272149CE1714F32900C05E0E /* p_mobj.cpp */; };
		27214A641714F32900C05E0E /* p_mobj.h in Headers */ = {isa = PBXBuildFile; fileRef = 272149CF1714F32900C05E0E /* p_mobj.h */; };
		27214A651714F32900C05E0E /* p_plats.cpp in Sources */ = {isa = PBXBuildFile; fileRef = 272149D01714F32900C05E0E /* p_plats.cpp */; };
		27214A661714F32900C05E0E /* p_pspr.cpp in Sources */ = {isa = PBXBuildFile; fileRef = 272149D11714F32900C05E0E /* p_pspr.cpp */; };
		27214A671714F32900C05E0E /* p_pspr.h in Headers */ = {isa = PBXBuildFile; fileRef = 272149D21714F32900C05E0E /* p_pspr.h */; };
		27214A681714F32900C05E0E /* p_saveg.cpp in Sources */ = {isa = PBXBuildFile; fileRef = 272149D31714F32900C05E0E /* p_saveg.cpp */; };
		27214A691714F32900C05E0E /* p_saveg.h in Headers */ = {isa = PBXBuildFile; fileRef = 272149D41714F32900C05E0E /* p_saveg.h */; };
		27214A6A1714F32900C05E0E /* p_setup.cpp in Sources */ = {isa = PBXBuildFile; fileRef = 272149D51714F32900C05E0E /* p_setup.cpp */; };
		27214A6B1714F32900C05E0E /* p_setup.h in Headers */ = {isa = PBXBuildFile; fileRef = 272149D61714F32900C05E0E /* p_setup.h */; };
		27214A6C1714F32900C05E0E /* p_sight.cpp in Sources */ = {isa = PBXBuildFile; fileRef = 272149D71714F32900C05E0E /* p_sight.cpp */; };
		27214A6D1714F32900C05E0E /* p_spec.cpp in Sources */ = {isa = PBXBuildFile; fileRef = 272149D81714F32900C05E0E /* p_spec.cpp */; };
		27214A6E1714F32900C05E0E /* p_spec.h in Headers */ = {isa = PBXBuildFile; fileRef = 272149D91714F32900C05E0E /* p_spec.h */; };
		27214A6F1714F32900C05E0E /* p_switch.cpp in Sources */ = {isa = PBXBuildFile; fileRef = 272149DA1714F32900C05E0E /* p_switch.cpp */; };
		27214A701714F32900C05E0E /* p_telept.cpp in Sources */ = {isa = PBXBuildFile; fileRef = 272149DB1714F32900C05E0E /* p_telept.cpp */; };
		27214A711714F32900C05E0E /* p_tick.cpp in Sources */ = {isa = PBXBuildFile; fileRef = 272149DC1714F32900C05E0E /* p_tick.cpp */; };
		27214A721714F32900C05E0E /* p_tick.h in Headers */ = {isa = PBXBuildFile; fileRef = 272149DD1714F32900C05E0E /* p_tick.h */; };
		27214A731714F32900C05E0E /* p_user.cpp in Sources */ = {isa = PBXBuildFile; fileRef = 272149DE1714F32900C05E0E /* p_user.cpp */; };
		27214A751714F32900C05E0E /* PlayerProfile.h in Headers */ = {isa = PBXBuildFile; fileRef = 272149E01714F32900C05E0E /* PlayerProfile.h */; };
		27214A761714F32900C05E0E /* Precompiled.cpp in Sources */ = {isa = PBXBuildFile; fileRef = 272149E11714F32900C05E0E /* Precompiled.cpp */; };
		27214A771714F32900C05E0E /* Precompiled.h in Headers */ = {isa = PBXBuildFile; fileRef = 272149E21714F32900C05E0E /* Precompiled.h */; };
		27214A781714F32900C05E0E /* r_bsp.cpp in Sources */ = {isa = PBXBuildFile; fileRef = 272149E31714F32900C05E0E /* r_bsp.cpp */; };
		27214A791714F32900C05E0E /* r_bsp.h in Headers */ = {isa = PBXBuildFile; fileRef = 272149E41714F32900C05E0E /* r_bsp.h */; };
		27214A7A1714F32900C05E0E /* r_data.cpp in Sources */ = {isa = PBXBuildFile; fileRef = 272149E51714F32900C05E0E /* r_data.cpp */; };
		27214A7B1714F32900C05E0E /* r_data.h in Headers */ = {isa = PBXBuildFile; fileRef = 272149E61714F32900C05E0E /* r_data.h */; };
		27214A7C1714F32900C05E0E /* r_defs.h in Headers */ = {isa = PBXBuildFile; fileRef = 272149E71714F32900C05E0E /* r_defs.h */; };
		27214A7D1714F32900C05E0E /* r_draw.cpp in Sources */ = {isa = PBXBuildFile; fileRef = 272149E81714F32900C05E0E /* r_draw.cpp */; };
		27214A7E1714F32900C05E0E /* r_draw.h in Headers */ = {isa = PBXBuildFile; fileRef = 272149E91714F32900C05E0E /* r_draw.h */; };
		27214A7F1714F32900C05E0E /* r_local.h in Headers */ = {isa = PBXBuildFile; fileRef = 272149EA1714F32900C05E0E /* r_local.h */; };
		27214A801714F32900C05E0E /* r_main.cpp in Sources */ = {isa = PBXBuildFile; fileRef = 272149EB1714F32900C05E0E /* r_main.cpp */; };
		27214A811714F32900C05E0E /* r_main.h in Headers */ = {isa = PBXBuildFile; fileRef = 272149EC1714F32900C05E0E /* r_main.h */; };
		27214A821714F32900C05E0E /* r_plane.cpp in Sources */ = {isa = PBXBuildFile; fileRef = 272149ED1714F32900C05E0E /* r_plane.cpp */; };
		27214A831714F32900C05E0E /* r_plane.h in Headers */ = {isa = PBXBuildFile; fileRef = 272149EE1714F32900C05E0E /* r_plane.h */; };
		27214A841714F32900C05E0E /* r_segs.cpp in Sources */ = {isa = PBXBuildFile; fileRef = 272149EF1714F32900C05E0E /* r_segs.cpp */; };
		27214A851714F32900C05E0E /* r_segs.h in Headers */ = {isa = PBXBuildFile; fileRef = 272149F01714F32900C05E0E /* r_segs.h */; };
		27214A861714F32900C05E0E /* r_sky.cpp in Sources */ = {isa = PBXBuildFile; fileRef = 272149F11714F32900C05E0E /* r_sky.cpp */; };
		27214A871714F32900C05E0E /* r_sky.h in Headers */ = {isa = PBXBuildFile; fileRef = 272149F21714F32900C05E0E /* r_sky.h */; };
		27214A881714F32900C05E0E /* r_state.h in Headers */ = {isa = PBXBuildFile; fileRef = 272149F31714F32900C05E0E /* r_state.h */; };
		27214A891714F32900C05E0E /* r_things.cpp in Sources */ = {isa = PBXBuildFile; fileRef = 272149F41714F32900C05E0E /* r_things.cpp */; };
		27214A8A1714F32900C05E0E /* r_things.h in Headers */ = {isa = PBXBuildFile; fileRef = 272149F51714F32900C05E0E /* r_things.h */; };
		27214A8B1714F32900C05E0E /* s_sound.cpp in Sources */ = {isa = PBXBuildFile; fileRef = 272149F61714F32900C05E0E /* s_sound.cpp */; };
		27214A8C1714F32900C05E0E /* s_sound.h in Headers */ = {isa = PBXBuildFile; fileRef = 272149F71714F32900C05E0E /* s_sound.h */; };
		27214A8D1714F32900C05E0E /* sounds.cpp in Sources */ = {isa = PBXBuildFile; fileRef = 272149F81714F32900C05E0E /* sounds.cpp */; };
		27214A8E1714F32900C05E0E /* sounds.h in Headers */ = {isa = PBXBuildFile; fileRef = 272149F91714F32900C05E0E /* sounds.h */; };
		27214A8F1714F32900C05E0E /* st_lib.cpp in Sources */ = {isa = PBXBuildFile; fileRef = 272149FA1714F32900C05E0E /* st_lib.cpp */; };
		27214A901714F32900C05E0E /* st_lib.h in Headers */ = {isa = PBXBuildFile; fileRef = 272149FB1714F32900C05E0E /* st_lib.h */; };
		27214A911714F32900C05E0E /* st_stuff.cpp in Sources */ = {isa = PBXBuildFile; fileRef = 272149FC1714F32900C05E0E /* st_stuff.cpp */; };
		27214A921714F32900C05E0E /* st_stuff.h in Headers */ = {isa = PBXBuildFile; fileRef = 272149FD1714F32900C05E0E /* st_stuff.h */; };
		27214A931714F32900C05E0E /* structs.h in Headers */ = {isa = PBXBuildFile; fileRef = 272149FE1714F32900C05E0E /* structs.h */; };
		27214A941714F32900C05E0E /* tables.cpp in Sources */ = {isa = PBXBuildFile; fileRef = 272149FF1714F32900C05E0E /* tables.cpp */; };
		27214A951714F32900C05E0E /* tables.h in Headers */ = {isa = PBXBuildFile; fileRef = 27214A001714F32900C05E0E /* tables.h */; };
		27214A961714F32900C05E0E /* typedefs.h in Headers */ = {isa = PBXBuildFile; fileRef = 27214A011714F32900C05E0E /* typedefs.h */; };
		27214A971714F32900C05E0E /* v_video.cpp in Sources */ = {isa = PBXBuildFile; fileRef = 27214A021714F32900C05E0E /* v_video.cpp */; };
		27214A981714F32900C05E0E /* v_video.h in Headers */ = {isa = PBXBuildFile; fileRef = 27214A031714F32900C05E0E /* v_video.h */; };
		27214A991714F32900C05E0E /* vars.h in Headers */ = {isa = PBXBuildFile; fileRef = 27214A041714F32900C05E0E /* vars.h */; };
		27214A9A1714F32900C05E0E /* w_wad.cpp in Sources */ = {isa = PBXBuildFile; fileRef = 27214A051714F32900C05E0E /* w_wad.cpp */; };
		27214A9B1714F32900C05E0E /* w_wad.h in Headers */ = {isa = PBXBuildFile; fileRef = 27214A061714F32900C05E0E /* w_wad.h */; };
		27214A9C1714F32900C05E0E /* wi_stuff.cpp in Sources */ = {isa = PBXBuildFile; fileRef = 27214A071714F32900C05E0E /* wi_stuff.cpp */; };
		27214A9D1714F32900C05E0E /* wi_stuff.h in Headers */ = {isa = PBXBuildFile; fileRef = 27214A081714F32900C05E0E /* wi_stuff.h */; };
		27214A9E1714F32900C05E0E /* z_zone.cpp in Sources */ = {isa = PBXBuildFile; fileRef = 27214A091714F32900C05E0E /* z_zone.cpp */; };
		27214A9F1714F32900C05E0E /* z_zone.h in Headers */ = {isa = PBXBuildFile; fileRef = 27214A0A1714F32900C05E0E /* z_zone.h */; };
		273D2FDA171607D5008FC0EC /* i_sound_macosx.cpp in Sources */ = {isa = PBXBuildFile; fileRef = 273D2FD9171607D4008FC0EC /* i_sound_macosx.cpp */; };
		27A4D6021719B73D0074CB74 /* i_net_macosx.cpp in Sources */ = {isa = PBXBuildFile; fileRef = 27A4D6011719B73D0074CB74 /* i_net_macosx.cpp */; };
/* End PBXBuildFile section */

/* Begin PBXFileReference section */
		2721491017148C3000C05E0E /* doomclassic.a */ = {isa = PBXFileReference; explicitFileType = archive.ar; includeInIndex = 0; path = doomclassic.a; sourceTree = BUILT_PRODUCTS_DIR; };
		272149761714F32900C05E0E /* am_map.cpp */ = {isa = PBXFileReference; fileEncoding = 4; lastKnownFileType = sourcecode.cpp.cpp; path = am_map.cpp; sourceTree = "<group>"; };
		272149771714F32900C05E0E /* am_map.h */ = {isa = PBXFileReference; fileEncoding = 4; lastKnownFileType = sourcecode.c.h; path = am_map.h; sourceTree = "<group>"; };
		272149781714F32900C05E0E /* constructs.h */ = {isa = PBXFileReference; fileEncoding = 4; lastKnownFileType = sourcecode.c.h; path = constructs.h; sourceTree = "<group>"; };
		272149791714F32900C05E0E /* d_englsh.h */ = {isa = PBXFileReference; fileEncoding = 4; lastKnownFileType = sourcecode.c.h; path = d_englsh.h; sourceTree = "<group>"; };
		2721497A1714F32900C05E0E /* d_event.h */ = {isa = PBXFileReference; fileEncoding = 4; lastKnownFileType = sourcecode.c.h; path = d_event.h; sourceTree = "<group>"; };
		2721497B1714F32900C05E0E /* d_french.h */ = {isa = PBXFileReference; fileEncoding = 4; lastKnownFileType = sourcecode.c.h; path = d_french.h; sourceTree = "<group>"; };
		2721497C1714F32900C05E0E /* d_items.cpp */ = {isa = PBXFileReference; fileEncoding = 4; lastKnownFileType = sourcecode.cpp.cpp; path = d_items.cpp; sourceTree = "<group>"; };
		2721497D1714F32900C05E0E /* d_items.h */ = {isa = PBXFileReference; fileEncoding = 4; lastKnownFileType = sourcecode.c.h; path = d_items.h; sourceTree = "<group>"; };
		2721497E1714F32900C05E0E /* d_main.cpp */ = {isa = PBXFileReference; fileEncoding = 4; lastKnownFileType = sourcecode.cpp.cpp; path = d_main.cpp; sourceTree = "<group>"; };
		2721497F1714F32900C05E0E /* d_main.h */ = {isa = PBXFileReference; fileEncoding = 4; lastKnownFileType = sourcecode.c.h; path = d_main.h; sourceTree = "<group>"; };
		272149801714F32900C05E0E /* d_net.cpp */ = {isa = PBXFileReference; fileEncoding = 4; lastKnownFileType = sourcecode.cpp.cpp; path = d_net.cpp; sourceTree = "<group>"; };
		272149811714F32900C05E0E /* d_net.h */ = {isa = PBXFileReference; fileEncoding = 4; lastKnownFileType = sourcecode.c.h; path = d_net.h; sourceTree = "<group>"; };
		272149821714F32900C05E0E /* d_player.h */ = {isa = PBXFileReference; fileEncoding = 4; lastKnownFileType = sourcecode.c.h; path = d_player.h; sourceTree = "<group>"; };
		272149831714F32900C05E0E /* d_textur.h */ = {isa = PBXFileReference; fileEncoding = 4; lastKnownFileType = sourcecode.c.h; path = d_textur.h; sourceTree = "<group>"; };
		272149841714F32900C05E0E /* d_think.h */ = {isa = PBXFileReference; fileEncoding = 4; lastKnownFileType = sourcecode.c.h; path = d_think.h; sourceTree = "<group>"; };
		272149851714F32900C05E0E /* d_ticcmd.h */ = {isa = PBXFileReference; fileEncoding = 4; lastKnownFileType = sourcecode.c.h; path = d_ticcmd.h; sourceTree = "<group>"; };
		272149861714F32900C05E0E /* defs.h */ = {isa = PBXFileReference; fileEncoding = 4; lastKnownFileType = sourcecode.c.h; path = defs.h; sourceTree = "<group>"; };
		272149871714F32900C05E0E /* doomdata.h */ = {isa = PBXFileReference; fileEncoding = 4; lastKnownFileType = sourcecode.c.h; path = doomdata.h; sourceTree = "<group>"; };
		272149881714F32900C05E0E /* doomdef.cpp */ = {isa = PBXFileReference; fileEncoding = 4; lastKnownFileType = sourcecode.cpp.cpp; path = doomdef.cpp; sourceTree = "<group>"; };
		272149891714F32900C05E0E /* doomdef.h */ = {isa = PBXFileReference; fileEncoding = 4; lastKnownFileType = sourcecode.c.h; path = doomdef.h; sourceTree = "<group>"; };
		2721498A1714F32900C05E0E /* doominterface.cpp */ = {isa = PBXFileReference; fileEncoding = 4; lastKnownFileType = sourcecode.cpp.cpp; path = doominterface.cpp; sourceTree = "<group>"; };
		2721498B1714F32900C05E0E /* doominterface.h */ = {isa = PBXFileReference; fileEncoding = 4; lastKnownFileType = sourcecode.c.h; path = doominterface.h; sourceTree = "<group>"; };
		2721498C1714F32900C05E0E /* DoomLeaderboards.cpp */ = {isa = PBXFileReference; fileEncoding = 4; lastKnownFileType = sourcecode.cpp.cpp; path = DoomLeaderboards.cpp; sourceTree = "<group>"; };
		2721498D1714F32900C05E0E /* DoomLeaderboards.h */ = {isa = PBXFileReference; fileEncoding = 4; lastKnownFileType = sourcecode.c.h; path = DoomLeaderboards.h; sourceTree = "<group>"; };
		2721498E1714F32900C05E0E /* doomlib.cpp */ = {isa = PBXFileReference; fileEncoding = 4; lastKnownFileType = sourcecode.cpp.cpp; path = doomlib.cpp; sourceTree = "<group>"; };
		2721498F1714F32900C05E0E /* doomlib.h */ = {isa = PBXFileReference; fileEncoding = 4; lastKnownFileType = sourcecode.c.h; path = doomlib.h; sourceTree = "<group>"; };
		272149901714F32900C05E0E /* doomstat.cpp */ = {isa = PBXFileReference; fileEncoding = 4; lastKnownFileType = sourcecode.cpp.cpp; path = doomstat.cpp; sourceTree = "<group>"; };
		272149911714F32900C05E0E /* doomstat.h */ = {isa = PBXFileReference; fileEncoding = 4; lastKnownFileType = sourcecode.c.h; path = doomstat.h; sourceTree = "<group>"; };
		272149921714F32900C05E0E /* doomtype.h */ = {isa = PBXFileReference; fileEncoding = 4; lastKnownFileType = sourcecode.c.h; path = doomtype.h; sourceTree = "<group>"; };
		272149931714F32900C05E0E /* dstrings.cpp */ = {isa = PBXFileReference; fileEncoding = 4; lastKnownFileType = sourcecode.cpp.cpp; path = dstrings.cpp; sourceTree = "<group>"; };
		272149941714F32900C05E0E /* dstrings.h */ = {isa = PBXFileReference; fileEncoding = 4; lastKnownFileType = sourcecode.c.h; path = dstrings.h; sourceTree = "<group>"; };
		272149951714F32900C05E0E /* f_finale.cpp */ = {isa = PBXFileReference; fileEncoding = 4; lastKnownFileType = sourcecode.cpp.cpp; path = f_finale.cpp; sourceTree = "<group>"; };
		272149961714F32900C05E0E /* f_finale.h */ = {isa = PBXFileReference; fileEncoding = 4; lastKnownFileType = sourcecode.c.h; path = f_finale.h; sourceTree = "<group>"; };
		272149971714F32900C05E0E /* f_wipe.cpp */ = {isa = PBXFileReference; fileEncoding = 4; lastKnownFileType = sourcecode.cpp.cpp; path = f_wipe.cpp; sourceTree = "<group>"; };
		272149981714F32900C05E0E /* f_wipe.h */ = {isa = PBXFileReference; fileEncoding = 4; lastKnownFileType = sourcecode.c.h; path = f_wipe.h; sourceTree = "<group>"; };
		272149991714F32900C05E0E /* g_game.cpp */ = {isa = PBXFileReference; fileEncoding = 4; lastKnownFileType = sourcecode.cpp.cpp; path = g_game.cpp; sourceTree = "<group>"; };
		2721499A1714F32900C05E0E /* g_game.h */ = {isa = PBXFileReference; fileEncoding = 4; lastKnownFileType = sourcecode.c.h; path = g_game.h; sourceTree = "<group>"; };
		2721499B1714F32900C05E0E /* globaldata.cpp */ = {isa = PBXFileReference; fileEncoding = 4; lastKnownFileType = sourcecode.cpp.cpp; path = globaldata.cpp; sourceTree = "<group>"; };
		2721499C1714F32900C05E0E /* globaldata.h */ = {isa = PBXFileReference; fileEncoding = 4; lastKnownFileType = sourcecode.c.h; path = globaldata.h; sourceTree = "<group>"; };
		2721499D1714F32900C05E0E /* hu_lib.cpp */ = {isa = PBXFileReference; fileEncoding = 4; lastKnownFileType = sourcecode.cpp.cpp; path = hu_lib.cpp; sourceTree = "<group>"; };
		2721499E1714F32900C05E0E /* hu_lib.h */ = {isa = PBXFileReference; fileEncoding = 4; lastKnownFileType = sourcecode.c.h; path = hu_lib.h; sourceTree = "<group>"; };
		2721499F1714F32900C05E0E /* hu_stuff.cpp */ = {isa = PBXFileReference; fileEncoding = 4; lastKnownFileType = sourcecode.cpp.cpp; path = hu_stuff.cpp; sourceTree = "<group>"; };
		272149A01714F32900C05E0E /* hu_stuff.h */ = {isa = PBXFileReference; fileEncoding = 4; lastKnownFileType = sourcecode.c.h; path = hu_stuff.h; sourceTree = "<group>"; };
		272149A11714F32900C05E0E /* i_input.cpp */ = {isa = PBXFileReference; fileEncoding = 4; lastKnownFileType = sourcecode.cpp.cpp; path = i_input.cpp; sourceTree = "<group>"; };
		272149A21714F32900C05E0E /* i_main.cpp */ = {isa = PBXFileReference; fileEncoding = 4; lastKnownFileType = sourcecode.cpp.cpp; path = i_main.cpp; sourceTree = "<group>"; };
		272149A31714F32900C05E0E /* i_net_ps3.cpp */ = {isa = PBXFileReference; fileEncoding = 4; lastKnownFileType = sourcecode.cpp.cpp; path = i_net_ps3.cpp; sourceTree = "<group>"; };
		272149A41714F32900C05E0E /* i_net_win32.cpp */ = {isa = PBXFileReference; fileEncoding = 4; lastKnownFileType = sourcecode.cpp.cpp; path = i_net_win32.cpp; sourceTree = "<group>"; };
		272149A51714F32900C05E0E /* i_net_xbox.cpp */ = {isa = PBXFileReference; fileEncoding = 4; lastKnownFileType = sourcecode.cpp.cpp; path = i_net_xbox.cpp; sourceTree = "<group>"; };
		272149A61714F32900C05E0E /* i_net.cpp */ = {isa = PBXFileReference; fileEncoding = 4; lastKnownFileType = sourcecode.cpp.cpp; path = i_net.cpp; sourceTree = "<group>"; };
		272149A71714F32900C05E0E /* i_net.h */ = {isa = PBXFileReference; fileEncoding = 4; lastKnownFileType = sourcecode.c.h; path = i_net.h; sourceTree = "<group>"; };
		272149A81714F32900C05E0E /* i_sound_win32.cpp */ = {isa = PBXFileReference; fileEncoding = 4; lastKnownFileType = sourcecode.cpp.cpp; path = i_sound_win32.cpp; sourceTree = "<group>"; };
		272149A91714F32900C05E0E /* i_sound.h */ = {isa = PBXFileReference; fileEncoding = 4; lastKnownFileType = sourcecode.c.h; path = i_sound.h; sourceTree = "<group>"; };
		272149AA1714F32900C05E0E /* i_system.cpp */ = {isa = PBXFileReference; fileEncoding = 4; lastKnownFileType = sourcecode.cpp.cpp; path = i_system.cpp; sourceTree = "<group>"; };
		272149AB1714F32900C05E0E /* i_system.h */ = {isa = PBXFileReference; fileEncoding = 4; lastKnownFileType = sourcecode.c.h; path = i_system.h; sourceTree = "<group>"; };
		272149AC1714F32900C05E0E /* i_video_ps3.cpp */ = {isa = PBXFileReference; fileEncoding = 4; lastKnownFileType = sourcecode.cpp.cpp; path = i_video_ps3.cpp; sourceTree = "<group>"; };
		272149AD1714F32900C05E0E /* i_video_xbox.cpp */ = {isa = PBXFileReference; fileEncoding = 4; lastKnownFileType = sourcecode.cpp.cpp; path = i_video_xbox.cpp; sourceTree = "<group>"; };
		272149AE1714F32900C05E0E /* i_video.h */ = {isa = PBXFileReference; fileEncoding = 4; lastKnownFileType = sourcecode.c.h; path = i_video.h; sourceTree = "<group>"; };
		272149AF1714F32900C05E0E /* info.cpp */ = {isa = PBXFileReference; fileEncoding = 4; lastKnownFileType = sourcecode.cpp.cpp; path = info.cpp; sourceTree = "<group>"; };
		272149B01714F32900C05E0E /* info.h */ = {isa = PBXFileReference; fileEncoding = 4; lastKnownFileType = sourcecode.c.h; path = info.h; sourceTree = "<group>"; };
		272149B11714F32900C05E0E /* m_argv.cpp */ = {isa = PBXFileReference; fileEncoding = 4; lastKnownFileType = sourcecode.cpp.cpp; path = m_argv.cpp; sourceTree = "<group>"; };
		272149B21714F32900C05E0E /* m_argv.h */ = {isa = PBXFileReference; fileEncoding = 4; lastKnownFileType = sourcecode.c.h; path = m_argv.h; sourceTree = "<group>"; };
		272149B31714F32900C05E0E /* m_bbox.cpp */ = {isa = PBXFileReference; fileEncoding = 4; lastKnownFileType = sourcecode.cpp.cpp; path = m_bbox.cpp; sourceTree = "<group>"; };
		272149B41714F32900C05E0E /* m_bbox.h */ = {isa = PBXFileReference; fileEncoding = 4; lastKnownFileType = sourcecode.c.h; path = m_bbox.h; sourceTree = "<group>"; };
		272149B51714F32900C05E0E /* m_cheat.cpp */ = {isa = PBXFileReference; fileEncoding = 4; lastKnownFileType = sourcecode.cpp.cpp; path = m_cheat.cpp; sourceTree = "<group>"; };
		272149B61714F32900C05E0E /* m_cheat.h */ = {isa = PBXFileReference; fileEncoding = 4; lastKnownFileType = sourcecode.c.h; path = m_cheat.h; sourceTree = "<group>"; };
		272149B71714F32900C05E0E /* m_fixed.cpp */ = {isa = PBXFileReference; fileEncoding = 4; lastKnownFileType = sourcecode.cpp.cpp; path = m_fixed.cpp; sourceTree = "<group>"; };
		272149B81714F32900C05E0E /* m_fixed.h */ = {isa = PBXFileReference; fileEncoding = 4; lastKnownFileType = sourcecode.c.h; path = m_fixed.h; sourceTree = "<group>"; };
		272149B91714F32900C05E0E /* m_menu.cpp */ = {isa = PBXFileReference; fileEncoding = 4; lastKnownFileType = sourcecode.cpp.cpp; path = m_menu.cpp; sourceTree = "<group>"; };
		272149BA1714F32900C05E0E /* m_menu.h */ = {isa = PBXFileReference; fileEncoding = 4; lastKnownFileType = sourcecode.c.h; path = m_menu.h; sourceTree = "<group>"; };
		272149BB1714F32900C05E0E /* m_misc.cpp */ = {isa = PBXFileReference; fileEncoding = 4; lastKnownFileType = sourcecode.cpp.cpp; path = m_misc.cpp; sourceTree = "<group>"; };
		272149BC1714F32900C05E0E /* m_misc.h */ = {isa = PBXFileReference; fileEncoding = 4; lastKnownFileType = sourcecode.c.h; path = m_misc.h; sourceTree = "<group>"; };
		272149BD1714F32900C05E0E /* m_random.cpp */ = {isa = PBXFileReference; fileEncoding = 4; lastKnownFileType = sourcecode.cpp.cpp; path = m_random.cpp; sourceTree = "<group>"; };
		272149BE1714F32900C05E0E /* m_random.h */ = {isa = PBXFileReference; fileEncoding = 4; lastKnownFileType = sourcecode.c.h; path = m_random.h; sourceTree = "<group>"; };
		272149BF1714F32900C05E0E /* m_swap.cpp */ = {isa = PBXFileReference; fileEncoding = 4; lastKnownFileType = sourcecode.cpp.cpp; path = m_swap.cpp; sourceTree = "<group>"; };
		272149C01714F32900C05E0E /* m_swap.h */ = {isa = PBXFileReference; fileEncoding = 4; lastKnownFileType = sourcecode.c.h; path = m_swap.h; sourceTree = "<group>"; };
		272149C11714F32900C05E0E /* Main.h */ = {isa = PBXFileReference; fileEncoding = 4; lastKnownFileType = sourcecode.c.h; path = Main.h; sourceTree = "<group>"; };
		272149C21714F32900C05E0E /* mus2midi.cpp */ = {isa = PBXFileReference; fileEncoding = 4; lastKnownFileType = sourcecode.cpp.cpp; path = mus2midi.cpp; sourceTree = "<group>"; };
		272149C31714F32900C05E0E /* Networking.cpp */ = {isa = PBXFileReference; fileEncoding = 4; lastKnownFileType = sourcecode.cpp.cpp; path = Networking.cpp; sourceTree = "<group>"; };
		272149C41714F32900C05E0E /* p_ceilng.cpp */ = {isa = PBXFileReference; fileEncoding = 4; lastKnownFileType = sourcecode.cpp.cpp; path = p_ceilng.cpp; sourceTree = "<group>"; };
		272149C51714F32900C05E0E /* p_doors.cpp */ = {isa = PBXFileReference; fileEncoding = 4; lastKnownFileType = sourcecode.cpp.cpp; path = p_doors.cpp; sourceTree = "<group>"; };
		272149C61714F32900C05E0E /* p_enemy.cpp */ = {isa = PBXFileReference; fileEncoding = 4; lastKnownFileType = sourcecode.cpp.cpp; path = p_enemy.cpp; sourceTree = "<group>"; };
		272149C71714F32900C05E0E /* p_floor.cpp */ = {isa = PBXFileReference; fileEncoding = 4; lastKnownFileType = sourcecode.cpp.cpp; path = p_floor.cpp; sourceTree = "<group>"; };
		272149C81714F32900C05E0E /* p_inter.cpp */ = {isa = PBXFileReference; fileEncoding = 4; lastKnownFileType = sourcecode.cpp.cpp; path = p_inter.cpp; sourceTree = "<group>"; };
		272149C91714F32900C05E0E /* p_inter.h */ = {isa = PBXFileReference; fileEncoding = 4; lastKnownFileType = sourcecode.c.h; path = p_inter.h; sourceTree = "<group>"; };
		272149CA1714F32900C05E0E /* p_lights.cpp */ = {isa = PBXFileReference; fileEncoding = 4; lastKnownFileType = sourcecode.cpp.cpp; path = p_lights.cpp; sourceTree = "<group>"; };
		272149CB1714F32900C05E0E /* p_local.h */ = {isa = PBXFileReference; fileEncoding = 4; lastKnownFileType = sourcecode.c.h; path = p_local.h; sourceTree = "<group>"; };
		272149CC1714F32900C05E0E /* p_map.cpp */ = {isa = PBXFileReference; fileEncoding = 4; lastKnownFileType = sourcecode.cpp.cpp; path = p_map.cpp; sourceTree = "<group>"; };
		272149CD1714F32900C05E0E /* p_maputl.cpp */ = {isa = PBXFileReference; fileEncoding = 4; lastKnownFileType = sourcecode.cpp.cpp; path = p_maputl.cpp; sourceTree = "<group>"; };
		272149CE1714F32900C05E0E /* p_mobj.cpp */ = {isa = PBXFileReference; fileEncoding = 4; lastKnownFileType = sourcecode.cpp.cpp; path = p_mobj.cpp; sourceTree = "<group>"; };
		272149CF1714F32900C05E0E /* p_mobj.h */ = {isa = PBXFileReference; fileEncoding = 4; lastKnownFileType = sourcecode.c.h; path = p_mobj.h; sourceTree = "<group>"; };
		272149D01714F32900C05E0E /* p_plats.cpp */ = {isa = PBXFileReference; fileEncoding = 4; lastKnownFileType = sourcecode.cpp.cpp; path = p_plats.cpp; sourceTree = "<group>"; };
		272149D11714F32900C05E0E /* p_pspr.cpp */ = {isa = PBXFileReference; fileEncoding = 4; lastKnownFileType = sourcecode.cpp.cpp; path = p_pspr.cpp; sourceTree = "<group>"; };
		272149D21714F32900C05E0E /* p_pspr.h */ = {isa = PBXFileReference; fileEncoding = 4; lastKnownFileType = sourcecode.c.h; path = p_pspr.h; sourceTree = "<group>"; };
		272149D31714F32900C05E0E /* p_saveg.cpp */ = {isa = PBXFileReference; fileEncoding = 4; lastKnownFileType = sourcecode.cpp.cpp; path = p_saveg.cpp; sourceTree = "<group>"; };
		272149D41714F32900C05E0E /* p_saveg.h */ = {isa = PBXFileReference; fileEncoding = 4; lastKnownFileType = sourcecode.c.h; path = p_saveg.h; sourceTree = "<group>"; };
		272149D51714F32900C05E0E /* p_setup.cpp */ = {isa = PBXFileReference; fileEncoding = 4; lastKnownFileType = sourcecode.cpp.cpp; path = p_setup.cpp; sourceTree = "<group>"; };
		272149D61714F32900C05E0E /* p_setup.h */ = {isa = PBXFileReference; fileEncoding = 4; lastKnownFileType = sourcecode.c.h; path = p_setup.h; sourceTree = "<group>"; };
		272149D71714F32900C05E0E /* p_sight.cpp */ = {isa = PBXFileReference; fileEncoding = 4; lastKnownFileType = sourcecode.cpp.cpp; path = p_sight.cpp; sourceTree = "<group>"; };
		272149D81714F32900C05E0E /* p_spec.cpp */ = {isa = PBXFileReference; fileEncoding = 4; lastKnownFileType = sourcecode.cpp.cpp; path = p_spec.cpp; sourceTree = "<group>"; };
		272149D91714F32900C05E0E /* p_spec.h */ = {isa = PBXFileReference; fileEncoding = 4; lastKnownFileType = sourcecode.c.h; path = p_spec.h; sourceTree = "<group>"; };
		272149DA1714F32900C05E0E /* p_switch.cpp */ = {isa = PBXFileReference; fileEncoding = 4; lastKnownFileType = sourcecode.cpp.cpp; path = p_switch.cpp; sourceTree = "<group>"; };
		272149DB1714F32900C05E0E /* p_telept.cpp */ = {isa = PBXFileReference; fileEncoding = 4; lastKnownFileType = sourcecode.cpp.cpp; path = p_telept.cpp; sourceTree = "<group>"; };
		272149DC1714F32900C05E0E /* p_tick.cpp */ = {isa = PBXFileReference; fileEncoding = 4; lastKnownFileType = sourcecode.cpp.cpp; path = p_tick.cpp; sourceTree = "<group>"; };
		272149DD1714F32900C05E0E /* p_tick.h */ = {isa = PBXFileReference; fileEncoding = 4; lastKnownFileType = sourcecode.c.h; path = p_tick.h; sourceTree = "<group>"; };
		272149DE1714F32900C05E0E /* p_user.cpp */ = {isa = PBXFileReference; fileEncoding = 4; lastKnownFileType = sourcecode.cpp.cpp; path = p_user.cpp; sourceTree = "<group>"; };
		272149DF1714F32900C05E0E /* PlayerProfile.cpp */ = {isa = PBXFileReference; fileEncoding = 4; lastKnownFileType = sourcecode.cpp.cpp; path = PlayerProfile.cpp; sourceTree = "<group>"; };
		272149E01714F32900C05E0E /* PlayerProfile.h */ = {isa = PBXFileReference; fileEncoding = 4; lastKnownFileType = sourcecode.c.h; path = PlayerProfile.h; sourceTree = "<group>"; };
		272149E11714F32900C05E0E /* Precompiled.cpp */ = {isa = PBXFileReference; fileEncoding = 4; lastKnownFileType = sourcecode.cpp.cpp; path = Precompiled.cpp; sourceTree = "<group>"; };
		272149E21714F32900C05E0E /* Precompiled.h */ = {isa = PBXFileReference; fileEncoding = 4; lastKnownFileType = sourcecode.c.h; path = Precompiled.h; sourceTree = "<group>"; };
		272149E31714F32900C05E0E /* r_bsp.cpp */ = {isa = PBXFileReference; fileEncoding = 4; lastKnownFileType = sourcecode.cpp.cpp; path = r_bsp.cpp; sourceTree = "<group>"; };
		272149E41714F32900C05E0E /* r_bsp.h */ = {isa = PBXFileReference; fileEncoding = 4; lastKnownFileType = sourcecode.c.h; path = r_bsp.h; sourceTree = "<group>"; };
		272149E51714F32900C05E0E /* r_data.cpp */ = {isa = PBXFileReference; fileEncoding = 4; lastKnownFileType = sourcecode.cpp.cpp; path = r_data.cpp; sourceTree = "<group>"; };
		272149E61714F32900C05E0E /* r_data.h */ = {isa = PBXFileReference; fileEncoding = 4; lastKnownFileType = sourcecode.c.h; path = r_data.h; sourceTree = "<group>"; };
		272149E71714F32900C05E0E /* r_defs.h */ = {isa = PBXFileReference; fileEncoding = 4; lastKnownFileType = sourcecode.c.h; path = r_defs.h; sourceTree = "<group>"; };
		272149E81714F32900C05E0E /* r_draw.cpp */ = {isa = PBXFileReference; fileEncoding = 4; lastKnownFileType = sourcecode.cpp.cpp; path = r_draw.cpp; sourceTree = "<group>"; };
		272149E91714F32900C05E0E /* r_draw.h */ = {isa = PBXFileReference; fileEncoding = 4; lastKnownFileType = sourcecode.c.h; path = r_draw.h; sourceTree = "<group>"; };
		272149EA1714F32900C05E0E /* r_local.h */ = {isa = PBXFileReference; fileEncoding = 4; lastKnownFileType = sourcecode.c.h; path = r_local.h; sourceTree = "<group>"; };
		272149EB1714F32900C05E0E /* r_main.cpp */ = {isa = PBXFileReference; fileEncoding = 4; lastKnownFileType = sourcecode.cpp.cpp; path = r_main.cpp; sourceTree = "<group>"; };
		272149EC1714F32900C05E0E /* r_main.h */ = {isa = PBXFileReference; fileEncoding = 4; lastKnownFileType = sourcecode.c.h; path = r_main.h; sourceTree = "<group>"; };
		272149ED1714F32900C05E0E /* r_plane.cpp */ = {isa = PBXFileReference; fileEncoding = 4; lastKnownFileType = sourcecode.cpp.cpp; path = r_plane.cpp; sourceTree = "<group>"; };
		272149EE1714F32900C05E0E /* r_plane.h */ = {isa = PBXFileReference; fileEncoding = 4; lastKnownFileType = sourcecode.c.h; path = r_plane.h; sourceTree = "<group>"; };
		272149EF1714F32900C05E0E /* r_segs.cpp */ = {isa = PBXFileReference; fileEncoding = 4; lastKnownFileType = sourcecode.cpp.cpp; path = r_segs.cpp; sourceTree = "<group>"; };
		272149F01714F32900C05E0E /* r_segs.h */ = {isa = PBXFileReference; fileEncoding = 4; lastKnownFileType = sourcecode.c.h; path = r_segs.h; sourceTree = "<group>"; };
		272149F11714F32900C05E0E /* r_sky.cpp */ = {isa = PBXFileReference; fileEncoding = 4; lastKnownFileType = sourcecode.cpp.cpp; path = r_sky.cpp; sourceTree = "<group>"; };
		272149F21714F32900C05E0E /* r_sky.h */ = {isa = PBXFileReference; fileEncoding = 4; lastKnownFileType = sourcecode.c.h; path = r_sky.h; sourceTree = "<group>"; };
		272149F31714F32900C05E0E /* r_state.h */ = {isa = PBXFileReference; fileEncoding = 4; lastKnownFileType = sourcecode.c.h; path = r_state.h; sourceTree = "<group>"; };
		272149F41714F32900C05E0E /* r_things.cpp */ = {isa = PBXFileReference; fileEncoding = 4; lastKnownFileType = sourcecode.cpp.cpp; path = r_things.cpp; sourceTree = "<group>"; };
		272149F51714F32900C05E0E /* r_things.h */ = {isa = PBXFileReference; fileEncoding = 4; lastKnownFileType = sourcecode.c.h; path = r_things.h; sourceTree = "<group>"; };
		272149F61714F32900C05E0E /* s_sound.cpp */ = {isa = PBXFileReference; fileEncoding = 4; lastKnownFileType = sourcecode.cpp.cpp; path = s_sound.cpp; sourceTree = "<group>"; };
		272149F71714F32900C05E0E /* s_sound.h */ = {isa = PBXFileReference; fileEncoding = 4; lastKnownFileType = sourcecode.c.h; path = s_sound.h; sourceTree = "<group>"; };
		272149F81714F32900C05E0E /* sounds.cpp */ = {isa = PBXFileReference; fileEncoding = 4; lastKnownFileType = sourcecode.cpp.cpp; path = sounds.cpp; sourceTree = "<group>"; };
		272149F91714F32900C05E0E /* sounds.h */ = {isa = PBXFileReference; fileEncoding = 4; lastKnownFileType = sourcecode.c.h; path = sounds.h; sourceTree = "<group>"; };
		272149FA1714F32900C05E0E /* st_lib.cpp */ = {isa = PBXFileReference; fileEncoding = 4; lastKnownFileType = sourcecode.cpp.cpp; path = st_lib.cpp; sourceTree = "<group>"; };
		272149FB1714F32900C05E0E /* st_lib.h */ = {isa = PBXFileReference; fileEncoding = 4; lastKnownFileType = sourcecode.c.h; path = st_lib.h; sourceTree = "<group>"; };
		272149FC1714F32900C05E0E /* st_stuff.cpp */ = {isa = PBXFileReference; fileEncoding = 4; lastKnownFileType = sourcecode.cpp.cpp; path = st_stuff.cpp; sourceTree = "<group>"; };
		272149FD1714F32900C05E0E /* st_stuff.h */ = {isa = PBXFileReference; fileEncoding = 4; lastKnownFileType = sourcecode.c.h; path = st_stuff.h; sourceTree = "<group>"; };
		272149FE1714F32900C05E0E /* structs.h */ = {isa = PBXFileReference; fileEncoding = 4; lastKnownFileType = sourcecode.c.h; path = structs.h; sourceTree = "<group>"; };
		272149FF1714F32900C05E0E /* tables.cpp */ = {isa = PBXFileReference; fileEncoding = 4; lastKnownFileType = sourcecode.cpp.cpp; path = tables.cpp; sourceTree = "<group>"; };
		27214A001714F32900C05E0E /* tables.h */ = {isa = PBXFileReference; fileEncoding = 4; lastKnownFileType = sourcecode.c.h; path = tables.h; sourceTree = "<group>"; };
		27214A011714F32900C05E0E /* typedefs.h */ = {isa = PBXFileReference; fileEncoding = 4; lastKnownFileType = sourcecode.c.h; path = typedefs.h; sourceTree = "<group>"; };
		27214A021714F32900C05E0E /* v_video.cpp */ = {isa = PBXFileReference; fileEncoding = 4; lastKnownFileType = sourcecode.cpp.cpp; path = v_video.cpp; sourceTree = "<group>"; };
		27214A031714F32900C05E0E /* v_video.h */ = {isa = PBXFileReference; fileEncoding = 4; lastKnownFileType = sourcecode.c.h; path = v_video.h; sourceTree = "<group>"; };
		27214A041714F32900C05E0E /* vars.h */ = {isa = PBXFileReference; fileEncoding = 4; lastKnownFileType = sourcecode.c.h; path = vars.h; sourceTree = "<group>"; };
		27214A051714F32900C05E0E /* w_wad.cpp */ = {isa = PBXFileReference; fileEncoding = 4; lastKnownFileType = sourcecode.cpp.cpp; path = w_wad.cpp; sourceTree = "<group>"; };
		27214A061714F32900C05E0E /* w_wad.h */ = {isa = PBXFileReference; fileEncoding = 4; lastKnownFileType = sourcecode.c.h; path = w_wad.h; sourceTree = "<group>"; };
		27214A071714F32900C05E0E /* wi_stuff.cpp */ = {isa = PBXFileReference; fileEncoding = 4; lastKnownFileType = sourcecode.cpp.cpp; path = wi_stuff.cpp; sourceTree = "<group>"; };
		27214A081714F32900C05E0E /* wi_stuff.h */ = {isa = PBXFileReference; fileEncoding = 4; lastKnownFileType = sourcecode.c.h; path = wi_stuff.h; sourceTree = "<group>"; };
		27214A091714F32900C05E0E /* z_zone.cpp */ = {isa = PBXFileReference; fileEncoding = 4; lastKnownFileType = sourcecode.cpp.cpp; path = z_zone.cpp; sourceTree = "<group>"; };
		27214A0A1714F32900C05E0E /* z_zone.h */ = {isa = PBXFileReference; fileEncoding = 4; lastKnownFileType = sourcecode.c.h; path = z_zone.h; sourceTree = "<group>"; };
		273D2FD9171607D4008FC0EC /* i_sound_macosx.cpp */ = {isa = PBXFileReference; fileEncoding = 4; lastKnownFileType = sourcecode.cpp.cpp; path = i_sound_macosx.cpp; sourceTree = "<group>"; };
		27A4D6011719B73D0074CB74 /* i_net_macosx.cpp */ = {isa = PBXFileReference; fileEncoding = 4; lastKnownFileType = sourcecode.cpp.cpp; path = i_net_macosx.cpp; sourceTree = "<group>"; };
/* End PBXFileReference section */

/* Begin PBXFrameworksBuildPhase section */
		2721490D17148C3000C05E0E /* Frameworks */ = {
			isa = PBXFrameworksBuildPhase;
			buildActionMask = 2147483647;
			files = (
			);
			runOnlyForDeploymentPostprocessing = 0;
		};
/* End PBXFrameworksBuildPhase section */

/* Begin PBXGroup section */
		2721490717148C3000C05E0E = {
			isa = PBXGroup;
			children = (
				272149751714F30A00C05E0E /* doom */,
				2721491117148C3000C05E0E /* Products */,
			);
			sourceTree = "<group>";
		};
		2721491117148C3000C05E0E /* Products */ = {
			isa = PBXGroup;
			children = (
				2721491017148C3000C05E0E /* doomclassic.a */,
			);
			name = Products;
			sourceTree = "<group>";
		};
		272149751714F30A00C05E0E /* doom */ = {
			isa = PBXGroup;
			children = (
				272149761714F32900C05E0E /* am_map.cpp */,
				272149771714F32900C05E0E /* am_map.h */,
				272149781714F32900C05E0E /* constructs.h */,
				272149791714F32900C05E0E /* d_englsh.h */,
				2721497A1714F32900C05E0E /* d_event.h */,
				2721497B1714F32900C05E0E /* d_french.h */,
				2721497C1714F32900C05E0E /* d_items.cpp */,
				2721497D1714F32900C05E0E /* d_items.h */,
				2721497E1714F32900C05E0E /* d_main.cpp */,
				2721497F1714F32900C05E0E /* d_main.h */,
				272149801714F32900C05E0E /* d_net.cpp */,
				272149811714F32900C05E0E /* d_net.h */,
				272149821714F32900C05E0E /* d_player.h */,
				272149831714F32900C05E0E /* d_textur.h */,
				272149841714F32900C05E0E /* d_think.h */,
				272149851714F32900C05E0E /* d_ticcmd.h */,
				272149861714F32900C05E0E /* defs.h */,
				272149871714F32900C05E0E /* doomdata.h */,
				272149881714F32900C05E0E /* doomdef.cpp */,
				272149891714F32900C05E0E /* doomdef.h */,
				2721498A1714F32900C05E0E /* doominterface.cpp */,
				2721498B1714F32900C05E0E /* doominterface.h */,
				2721498C1714F32900C05E0E /* DoomLeaderboards.cpp */,
				2721498D1714F32900C05E0E /* DoomLeaderboards.h */,
				2721498E1714F32900C05E0E /* doomlib.cpp */,
				2721498F1714F32900C05E0E /* doomlib.h */,
				272149901714F32900C05E0E /* doomstat.cpp */,
				272149911714F32900C05E0E /* doomstat.h */,
				272149921714F32900C05E0E /* doomtype.h */,
				272149931714F32900C05E0E /* dstrings.cpp */,
				272149941714F32900C05E0E /* dstrings.h */,
				272149951714F32900C05E0E /* f_finale.cpp */,
				272149961714F32900C05E0E /* f_finale.h */,
				272149971714F32900C05E0E /* f_wipe.cpp */,
				272149981714F32900C05E0E /* f_wipe.h */,
				272149991714F32900C05E0E /* g_game.cpp */,
				2721499A1714F32900C05E0E /* g_game.h */,
				2721499B1714F32900C05E0E /* globaldata.cpp */,
				2721499C1714F32900C05E0E /* globaldata.h */,
				2721499D1714F32900C05E0E /* hu_lib.cpp */,
				2721499E1714F32900C05E0E /* hu_lib.h */,
				2721499F1714F32900C05E0E /* hu_stuff.cpp */,
				272149A01714F32900C05E0E /* hu_stuff.h */,
				272149A11714F32900C05E0E /* i_input.cpp */,
				272149A21714F32900C05E0E /* i_main.cpp */,
				27A4D6011719B73D0074CB74 /* i_net_macosx.cpp */,
				272149A31714F32900C05E0E /* i_net_ps3.cpp */,
				272149A41714F32900C05E0E /* i_net_win32.cpp */,
				272149A51714F32900C05E0E /* i_net_xbox.cpp */,
				272149A61714F32900C05E0E /* i_net.cpp */,
				272149A71714F32900C05E0E /* i_net.h */,
				273D2FD9171607D4008FC0EC /* i_sound_macosx.cpp */,
				272149A81714F32900C05E0E /* i_sound_win32.cpp */,
				272149A91714F32900C05E0E /* i_sound.h */,
				272149AA1714F32900C05E0E /* i_system.cpp */,
				272149AB1714F32900C05E0E /* i_system.h */,
				272149AC1714F32900C05E0E /* i_video_ps3.cpp */,
				272149AD1714F32900C05E0E /* i_video_xbox.cpp */,
				272149AE1714F32900C05E0E /* i_video.h */,
				272149AF1714F32900C05E0E /* info.cpp */,
				272149B01714F32900C05E0E /* info.h */,
				272149B11714F32900C05E0E /* m_argv.cpp */,
				272149B21714F32900C05E0E /* m_argv.h */,
				272149B31714F32900C05E0E /* m_bbox.cpp */,
				272149B41714F32900C05E0E /* m_bbox.h */,
				272149B51714F32900C05E0E /* m_cheat.cpp */,
				272149B61714F32900C05E0E /* m_cheat.h */,
				272149B71714F32900C05E0E /* m_fixed.cpp */,
				272149B81714F32900C05E0E /* m_fixed.h */,
				272149B91714F32900C05E0E /* m_menu.cpp */,
				272149BA1714F32900C05E0E /* m_menu.h */,
				272149BB1714F32900C05E0E /* m_misc.cpp */,
				272149BC1714F32900C05E0E /* m_misc.h */,
				272149BD1714F32900C05E0E /* m_random.cpp */,
				272149BE1714F32900C05E0E /* m_random.h */,
				272149BF1714F32900C05E0E /* m_swap.cpp */,
				272149C01714F32900C05E0E /* m_swap.h */,
				272149C11714F32900C05E0E /* Main.h */,
				272149C21714F32900C05E0E /* mus2midi.cpp */,
				272149C31714F32900C05E0E /* Networking.cpp */,
				272149C41714F32900C05E0E /* p_ceilng.cpp */,
				272149C51714F32900C05E0E /* p_doors.cpp */,
				272149C61714F32900C05E0E /* p_enemy.cpp */,
				272149C71714F32900C05E0E /* p_floor.cpp */,
				272149C81714F32900C05E0E /* p_inter.cpp */,
				272149C91714F32900C05E0E /* p_inter.h */,
				272149CA1714F32900C05E0E /* p_lights.cpp */,
				272149CB1714F32900C05E0E /* p_local.h */,
				272149CC1714F32900C05E0E /* p_map.cpp */,
				272149CD1714F32900C05E0E /* p_maputl.cpp */,
				272149CE1714F32900C05E0E /* p_mobj.cpp */,
				272149CF1714F32900C05E0E /* p_mobj.h */,
				272149D01714F32900C05E0E /* p_plats.cpp */,
				272149D11714F32900C05E0E /* p_pspr.cpp */,
				272149D21714F32900C05E0E /* p_pspr.h */,
				272149D31714F32900C05E0E /* p_saveg.cpp */,
				272149D41714F32900C05E0E /* p_saveg.h */,
				272149D51714F32900C05E0E /* p_setup.cpp */,
				272149D61714F32900C05E0E /* p_setup.h */,
				272149D71714F32900C05E0E /* p_sight.cpp */,
				272149D81714F32900C05E0E /* p_spec.cpp */,
				272149D91714F32900C05E0E /* p_spec.h */,
				272149DA1714F32900C05E0E /* p_switch.cpp */,
				272149DB1714F32900C05E0E /* p_telept.cpp */,
				272149DC1714F32900C05E0E /* p_tick.cpp */,
				272149DD1714F32900C05E0E /* p_tick.h */,
				272149DE1714F32900C05E0E /* p_user.cpp */,
				272149DF1714F32900C05E0E /* PlayerProfile.cpp */,
				272149E01714F32900C05E0E /* PlayerProfile.h */,
				272149E11714F32900C05E0E /* Precompiled.cpp */,
				272149E21714F32900C05E0E /* Precompiled.h */,
				272149E31714F32900C05E0E /* r_bsp.cpp */,
				272149E41714F32900C05E0E /* r_bsp.h */,
				272149E51714F32900C05E0E /* r_data.cpp */,
				272149E61714F32900C05E0E /* r_data.h */,
				272149E71714F32900C05E0E /* r_defs.h */,
				272149E81714F32900C05E0E /* r_draw.cpp */,
				272149E91714F32900C05E0E /* r_draw.h */,
				272149EA1714F32900C05E0E /* r_local.h */,
				272149EB1714F32900C05E0E /* r_main.cpp */,
				272149EC1714F32900C05E0E /* r_main.h */,
				272149ED1714F32900C05E0E /* r_plane.cpp */,
				272149EE1714F32900C05E0E /* r_plane.h */,
				272149EF1714F32900C05E0E /* r_segs.cpp */,
				272149F01714F32900C05E0E /* r_segs.h */,
				272149F11714F32900C05E0E /* r_sky.cpp */,
				272149F21714F32900C05E0E /* r_sky.h */,
				272149F31714F32900C05E0E /* r_state.h */,
				272149F41714F32900C05E0E /* r_things.cpp */,
				272149F51714F32900C05E0E /* r_things.h */,
				272149F61714F32900C05E0E /* s_sound.cpp */,
				272149F71714F32900C05E0E /* s_sound.h */,
				272149F81714F32900C05E0E /* sounds.cpp */,
				272149F91714F32900C05E0E /* sounds.h */,
				272149FA1714F32900C05E0E /* st_lib.cpp */,
				272149FB1714F32900C05E0E /* st_lib.h */,
				272149FC1714F32900C05E0E /* st_stuff.cpp */,
				272149FD1714F32900C05E0E /* st_stuff.h */,
				272149FE1714F32900C05E0E /* structs.h */,
				272149FF1714F32900C05E0E /* tables.cpp */,
				27214A001714F32900C05E0E /* tables.h */,
				27214A011714F32900C05E0E /* typedefs.h */,
				27214A021714F32900C05E0E /* v_video.cpp */,
				27214A031714F32900C05E0E /* v_video.h */,
				27214A041714F32900C05E0E /* vars.h */,
				27214A051714F32900C05E0E /* w_wad.cpp */,
				27214A061714F32900C05E0E /* w_wad.h */,
				27214A071714F32900C05E0E /* wi_stuff.cpp */,
				27214A081714F32900C05E0E /* wi_stuff.h */,
				27214A091714F32900C05E0E /* z_zone.cpp */,
				27214A0A1714F32900C05E0E /* z_zone.h */,
			);
			path = doom;
			sourceTree = "<group>";
		};
/* End PBXGroup section */

/* Begin PBXHeadersBuildPhase section */
		2721490E17148C3000C05E0E /* Headers */ = {
			isa = PBXHeadersBuildPhase;
			buildActionMask = 2147483647;
			files = (
				27214A0C1714F32900C05E0E /* am_map.h in Headers */,
				27214A0D1714F32900C05E0E /* constructs.h in Headers */,
				27214A0E1714F32900C05E0E /* d_englsh.h in Headers */,
				27214A0F1714F32900C05E0E /* d_event.h in Headers */,
				27214A101714F32900C05E0E /* d_french.h in Headers */,
				27214A121714F32900C05E0E /* d_items.h in Headers */,
				27214A141714F32900C05E0E /* d_main.h in Headers */,
				27214A161714F32900C05E0E /* d_net.h in Headers */,
				27214A171714F32900C05E0E /* d_player.h in Headers */,
				27214A181714F32900C05E0E /* d_textur.h in Headers */,
				27214A191714F32900C05E0E /* d_think.h in Headers */,
				27214A1A1714F32900C05E0E /* d_ticcmd.h in Headers */,
				27214A1B1714F32900C05E0E /* defs.h in Headers */,
				27214A1C1714F32900C05E0E /* doomdata.h in Headers */,
				27214A1E1714F32900C05E0E /* doomdef.h in Headers */,
				27214A201714F32900C05E0E /* doominterface.h in Headers */,
				27214A221714F32900C05E0E /* DoomLeaderboards.h in Headers */,
				27214A241714F32900C05E0E /* doomlib.h in Headers */,
				27214A261714F32900C05E0E /* doomstat.h in Headers */,
				27214A271714F32900C05E0E /* doomtype.h in Headers */,
				27214A291714F32900C05E0E /* dstrings.h in Headers */,
				27214A2B1714F32900C05E0E /* f_finale.h in Headers */,
				27214A2D1714F32900C05E0E /* f_wipe.h in Headers */,
				27214A2F1714F32900C05E0E /* g_game.h in Headers */,
				27214A311714F32900C05E0E /* globaldata.h in Headers */,
				27214A331714F32900C05E0E /* hu_lib.h in Headers */,
				27214A351714F32900C05E0E /* hu_stuff.h in Headers */,
				27214A3C1714F32900C05E0E /* i_net.h in Headers */,
				27214A3E1714F32900C05E0E /* i_sound.h in Headers */,
				27214A401714F32900C05E0E /* i_system.h in Headers */,
				27214A431714F32900C05E0E /* i_video.h in Headers */,
				27214A451714F32900C05E0E /* info.h in Headers */,
				27214A471714F32900C05E0E /* m_argv.h in Headers */,
				27214A491714F32900C05E0E /* m_bbox.h in Headers */,
				27214A4B1714F32900C05E0E /* m_cheat.h in Headers */,
				27214A4D1714F32900C05E0E /* m_fixed.h in Headers */,
				27214A4F1714F32900C05E0E /* m_menu.h in Headers */,
				27214A511714F32900C05E0E /* m_misc.h in Headers */,
				27214A531714F32900C05E0E /* m_random.h in Headers */,
				27214A551714F32900C05E0E /* m_swap.h in Headers */,
				27214A561714F32900C05E0E /* Main.h in Headers */,
				27214A5E1714F32900C05E0E /* p_inter.h in Headers */,
				27214A601714F32900C05E0E /* p_local.h in Headers */,
				27214A641714F32900C05E0E /* p_mobj.h in Headers */,
				27214A671714F32900C05E0E /* p_pspr.h in Headers */,
				27214A691714F32900C05E0E /* p_saveg.h in Headers */,
				27214A6B1714F32900C05E0E /* p_setup.h in Headers */,
				27214A6E1714F32900C05E0E /* p_spec.h in Headers */,
				27214A721714F32900C05E0E /* p_tick.h in Headers */,
				27214A751714F32900C05E0E /* PlayerProfile.h in Headers */,
				27214A771714F32900C05E0E /* Precompiled.h in Headers */,
				27214A791714F32900C05E0E /* r_bsp.h in Headers */,
				27214A7B1714F32900C05E0E /* r_data.h in Headers */,
				27214A7C1714F32900C05E0E /* r_defs.h in Headers */,
				27214A7E1714F32900C05E0E /* r_draw.h in Headers */,
				27214A7F1714F32900C05E0E /* r_local.h in Headers */,
				27214A811714F32900C05E0E /* r_main.h in Headers */,
				27214A831714F32900C05E0E /* r_plane.h in Headers */,
				27214A851714F32900C05E0E /* r_segs.h in Headers */,
				27214A871714F32900C05E0E /* r_sky.h in Headers */,
				27214A881714F32900C05E0E /* r_state.h in Headers */,
				27214A8A1714F32900C05E0E /* r_things.h in Headers */,
				27214A8C1714F32900C05E0E /* s_sound.h in Headers */,
				27214A8E1714F32900C05E0E /* sounds.h in Headers */,
				27214A901714F32900C05E0E /* st_lib.h in Headers */,
				27214A921714F32900C05E0E /* st_stuff.h in Headers */,
				27214A931714F32900C05E0E /* structs.h in Headers */,
				27214A951714F32900C05E0E /* tables.h in Headers */,
				27214A961714F32900C05E0E /* typedefs.h in Headers */,
				27214A981714F32900C05E0E /* v_video.h in Headers */,
				27214A991714F32900C05E0E /* vars.h in Headers */,
				27214A9B1714F32900C05E0E /* w_wad.h in Headers */,
				27214A9D1714F32900C05E0E /* wi_stuff.h in Headers */,
				27214A9F1714F32900C05E0E /* z_zone.h in Headers */,
			);
			runOnlyForDeploymentPostprocessing = 0;
		};
/* End PBXHeadersBuildPhase section */

/* Begin PBXNativeTarget section */
		2721490F17148C3000C05E0E /* doomclassic */ = {
			isa = PBXNativeTarget;
			buildConfigurationList = 2721491417148C3000C05E0E /* Build configuration list for PBXNativeTarget "doomclassic" */;
			buildPhases = (
				2721490C17148C3000C05E0E /* Sources */,
				2721490D17148C3000C05E0E /* Frameworks */,
				2721490E17148C3000C05E0E /* Headers */,
			);
			buildRules = (
			);
			dependencies = (
			);
			name = doomclassic;
			productName = doomclassic;
			productReference = 2721491017148C3000C05E0E /* doomclassic.a */;
			productType = "com.apple.product-type.library.static";
		};
/* End PBXNativeTarget section */

/* Begin PBXProject section */
		2721490817148C3000C05E0E /* Project object */ = {
			isa = PBXProject;
			attributes = {
				LastUpgradeCheck = 0460;
				ORGANIZATIONNAME = "id Software";
			};
			buildConfigurationList = 2721490B17148C3000C05E0E /* Build configuration list for PBXProject "doomclassic" */;
			compatibilityVersion = "Xcode 3.2";
			developmentRegion = English;
			hasScannedForEncodings = 0;
			knownRegions = (
				en,
			);
			mainGroup = 2721490717148C3000C05E0E;
			productRefGroup = 2721491117148C3000C05E0E /* Products */;
			projectDirPath = "";
			projectRoot = "";
			targets = (
				2721490F17148C3000C05E0E /* doomclassic */,
			);
		};
/* End PBXProject section */

/* Begin PBXSourcesBuildPhase section */
		2721490C17148C3000C05E0E /* Sources */ = {
			isa = PBXSourcesBuildPhase;
			buildActionMask = 2147483647;
			files = (
				27214A0B1714F32900C05E0E /* am_map.cpp in Sources */,
				27214A111714F32900C05E0E /* d_items.cpp in Sources */,
				27214A131714F32900C05E0E /* d_main.cpp in Sources */,
				27214A151714F32900C05E0E /* d_net.cpp in Sources */,
				27214A1D1714F32900C05E0E /* doomdef.cpp in Sources */,
				27214A1F1714F32900C05E0E /* doominterface.cpp in Sources */,
				27214A231714F32900C05E0E /* doomlib.cpp in Sources */,
				27214A251714F32900C05E0E /* doomstat.cpp in Sources */,
				27214A281714F32900C05E0E /* dstrings.cpp in Sources */,
				27214A2A1714F32900C05E0E /* f_finale.cpp in Sources */,
				27214A2C1714F32900C05E0E /* f_wipe.cpp in Sources */,
				27214A2E1714F32900C05E0E /* g_game.cpp in Sources */,
				27214A301714F32900C05E0E /* globaldata.cpp in Sources */,
				27214A321714F32900C05E0E /* hu_lib.cpp in Sources */,
				27214A341714F32900C05E0E /* hu_stuff.cpp in Sources */,
				27214A361714F32900C05E0E /* i_input.cpp in Sources */,
				27214A371714F32900C05E0E /* i_main.cpp in Sources */,
				27214A3B1714F32900C05E0E /* i_net.cpp in Sources */,
				27214A3F1714F32900C05E0E /* i_system.cpp in Sources */,
				27214A411714F32900C05E0E /* i_video_ps3.cpp in Sources */,
				27214A441714F32900C05E0E /* info.cpp in Sources */,
				27214A461714F32900C05E0E /* m_argv.cpp in Sources */,
				27214A481714F32900C05E0E /* m_bbox.cpp in Sources */,
				27214A4A1714F32900C05E0E /* m_cheat.cpp in Sources */,
				27214A4C1714F32900C05E0E /* m_fixed.cpp in Sources */,
				27214A4E1714F32900C05E0E /* m_menu.cpp in Sources */,
				27214A501714F32900C05E0E /* m_misc.cpp in Sources */,
				27214A521714F32900C05E0E /* m_random.cpp in Sources */,
				27214A541714F32900C05E0E /* m_swap.cpp in Sources */,
				27214A571714F32900C05E0E /* mus2midi.cpp in Sources */,
				27214A591714F32900C05E0E /* p_ceilng.cpp in Sources */,
				27214A5A1714F32900C05E0E /* p_doors.cpp in Sources */,
				27214A5B1714F32900C05E0E /* p_enemy.cpp in Sources */,
				27214A5C1714F32900C05E0E /* p_floor.cpp in Sources */,
				27214A5D1714F32900C05E0E /* p_inter.cpp in Sources */,
				27214A5F1714F32900C05E0E /* p_lights.cpp in Sources */,
				27214A611714F32900C05E0E /* p_map.cpp in Sources */,
				27214A621714F32900C05E0E /* p_maputl.cpp in Sources */,
				27214A631714F32900C05E0E /* p_mobj.cpp in Sources */,
				27214A651714F32900C05E0E /* p_plats.cpp in Sources */,
				27214A661714F32900C05E0E /* p_pspr.cpp in Sources */,
				27214A681714F32900C05E0E /* p_saveg.cpp in Sources */,
				27214A6A1714F32900C05E0E /* p_setup.cpp in Sources */,
				27214A6C1714F32900C05E0E /* p_sight.cpp in Sources */,
				27214A6D1714F32900C05E0E /* p_spec.cpp in Sources */,
				27214A6F1714F32900C05E0E /* p_switch.cpp in Sources */,
				27214A701714F32900C05E0E /* p_telept.cpp in Sources */,
				27214A711714F32900C05E0E /* p_tick.cpp in Sources */,
				27214A731714F32900C05E0E /* p_user.cpp in Sources */,
				27214A761714F32900C05E0E /* Precompiled.cpp in Sources */,
				27214A781714F32900C05E0E /* r_bsp.cpp in Sources */,
				27214A7A1714F32900C05E0E /* r_data.cpp in Sources */,
				27214A7D1714F32900C05E0E /* r_draw.cpp in Sources */,
				27214A801714F32900C05E0E /* r_main.cpp in Sources */,
				27214A821714F32900C05E0E /* r_plane.cpp in Sources */,
				27214A841714F32900C05E0E /* r_segs.cpp in Sources */,
				27214A861714F32900C05E0E /* r_sky.cpp in Sources */,
				27214A891714F32900C05E0E /* r_things.cpp in Sources */,
				27214A8B1714F32900C05E0E /* s_sound.cpp in Sources */,
				27214A8D1714F32900C05E0E /* sounds.cpp in Sources */,
				27214A8F1714F32900C05E0E /* st_lib.cpp in Sources */,
				27214A911714F32900C05E0E /* st_stuff.cpp in Sources */,
				27214A941714F32900C05E0E /* tables.cpp in Sources */,
				27214A971714F32900C05E0E /* v_video.cpp in Sources */,
				27214A9A1714F32900C05E0E /* w_wad.cpp in Sources */,
				27214A9C1714F32900C05E0E /* wi_stuff.cpp in Sources */,
				27214A9E1714F32900C05E0E /* z_zone.cpp in Sources */,
				273D2FDA171607D5008FC0EC /* i_sound_macosx.cpp in Sources */,
				27A4D6021719B73D0074CB74 /* i_net_macosx.cpp in Sources */,
			);
			runOnlyForDeploymentPostprocessing = 0;
		};
/* End PBXSourcesBuildPhase section */

/* Begin XCBuildConfiguration section */
		2721491217148C3000C05E0E /* Debug */ = {
			isa = XCBuildConfiguration;
			buildSettings = {
				ALWAYS_SEARCH_USER_PATHS = NO;
				ARCHS = "$(ARCHS_STANDARD_32_64_BIT)";
				CLANG_CXX_LANGUAGE_STANDARD = "gnu++0x";
				CLANG_CXX_LIBRARY = "libc++";
				CLANG_WARN_CONSTANT_CONVERSION = YES;
				CLANG_WARN_EMPTY_BODY = YES;
				CLANG_WARN_ENUM_CONVERSION = YES;
				CLANG_WARN_INT_CONVERSION = YES;
				CLANG_WARN__DUPLICATE_METHOD_MATCH = YES;
				COPY_PHASE_STRIP = NO;
				GCC_C_LANGUAGE_STANDARD = gnu99;
				GCC_DYNAMIC_NO_PIC = NO;
				GCC_ENABLE_OBJC_EXCEPTIONS = YES;
				GCC_OPTIMIZATION_LEVEL = 0;
				GCC_PREPROCESSOR_DEFINITIONS = (
					"DEBUG=1",
					"$(inherited)",
				);
				GCC_SYMBOLS_PRIVATE_EXTERN = NO;
				GCC_WARN_64_TO_32_BIT_CONVERSION = YES;
				GCC_WARN_ABOUT_RETURN_TYPE = YES;
				GCC_WARN_UNINITIALIZED_AUTOS = YES;
				GCC_WARN_UNUSED_VARIABLE = YES;
				HEADER_SEARCH_PATHS = "${PROJECT_DIR}/../neo";
				MACOSX_DEPLOYMENT_TARGET = 10.8;
				ONLY_ACTIVE_ARCH = YES;
				SDKROOT = macosx;
			};
			name = Debug;
		};
		2721491317148C3000C05E0E /* Release */ = {
			isa = XCBuildConfiguration;
			buildSettings = {
				ALWAYS_SEARCH_USER_PATHS = NO;
				ARCHS = "$(ARCHS_STANDARD_32_64_BIT)";
				CLANG_CXX_LANGUAGE_STANDARD = "gnu++0x";
				CLANG_CXX_LIBRARY = "libc++";
				CLANG_WARN_CONSTANT_CONVERSION = YES;
				CLANG_WARN_EMPTY_BODY = YES;
				CLANG_WARN_ENUM_CONVERSION = YES;
				CLANG_WARN_INT_CONVERSION = YES;
				CLANG_WARN__DUPLICATE_METHOD_MATCH = YES;
				COPY_PHASE_STRIP = YES;
				DEBUG_INFORMATION_FORMAT = "dwarf-with-dsym";
				GCC_C_LANGUAGE_STANDARD = gnu99;
				GCC_ENABLE_OBJC_EXCEPTIONS = YES;
				GCC_WARN_64_TO_32_BIT_CONVERSION = YES;
				GCC_WARN_ABOUT_RETURN_TYPE = YES;
				GCC_WARN_UNINITIALIZED_AUTOS = YES;
				GCC_WARN_UNUSED_VARIABLE = YES;
				HEADER_SEARCH_PATHS = "${PROJECT_DIR}/../neo";
				MACOSX_DEPLOYMENT_TARGET = 10.8;
				SDKROOT = macosx;
			};
			name = Release;
		};
		2721491517148C3000C05E0E /* Debug */ = {
			isa = XCBuildConfiguration;
			buildSettings = {
				EXECUTABLE_PREFIX = "";
				PRODUCT_NAME = "$(TARGET_NAME)";
				USE_HEADERMAP = NO;
			};
			name = Debug;
		};
		2721491617148C3000C05E0E /* Release */ = {
			isa = XCBuildConfiguration;
			buildSettings = {
				EXECUTABLE_PREFIX = "";
				PRODUCT_NAME = "$(TARGET_NAME)";
				USE_HEADERMAP = NO;
			};
			name = Release;
		};
/* End XCBuildConfiguration section */

/* Begin XCConfigurationList section */
		2721490B17148C3000C05E0E /* Build configuration list for PBXProject "doomclassic" */ = {
			isa = XCConfigurationList;
			buildConfigurations = (
				2721491217148C3000C05E0E /* Debug */,
				2721491317148C3000C05E0E /* Release */,
			);
			defaultConfigurationIsVisible = 0;
			defaultConfigurationName = Release;
		};
		2721491417148C3000C05E0E /* Build configuration list for PBXNativeTarget "doomclassic" */ = {
			isa = XCConfigurationList;
			buildConfigurations = (
				2721491517148C3000C05E0E /* Debug */,
				2721491617148C3000C05E0E /* Release */,
			);
			defaultConfigurationIsVisible = 0;
			defaultConfigurationName = Release;
		};
/* End XCConfigurationList section */
	};
	rootObject = 2721490817148C3000C05E0E /* Project object */;
}
